
Microsoft Visual Studio Solution File, Format Version 12.00
# Visual Studio Version 17
VisualStudioVersion = 17.5.33530.505
MinimumVisualStudioVersion = 10.0.40219.1
Project("{FAE04EC0-301F-11D3-BF4B-00C04F79EFBC}") = "Core", "Core\Core.csproj", "{236F0526-4C7E-4152-9CFC-A20CCC410ADC}"
EndProject
Project("{FAE04EC0-301F-11D3-BF4B-00C04F79EFBC}") = "Produtor", "Produtor\Produtor.csproj", "{DC15C63C-D5F8-43C7-A65E-3FB2C3FC1730}"
EndProject
Project("{FAE04EC0-301F-11D3-BF4B-00C04F79EFBC}") = "Consumidor", "Consumidor\Consumidor.csproj", "{53576BBA-60B1-4F15-950F-E4A397A1568C}"
EndProject
Global
	GlobalSection(SolutionConfigurationPlatforms) = preSolution
		Debug|Any CPU = Debug|Any CPU
		Release|Any CPU = Release|Any CPU
	EndGlobalSection
	GlobalSection(ProjectConfigurationPlatforms) = postSolution
		{236F0526-4C7E-4152-9CFC-A20CCC410ADC}.Debug|Any CPU.ActiveCfg = Debug|Any CPU
		{236F0526-4C7E-4152-9CFC-A20CCC410ADC}.Debug|Any CPU.Build.0 = Debug|Any CPU
		{236F0526-4C7E-4152-9CFC-A20CCC410ADC}.Release|Any CPU.ActiveCfg = Release|Any CPU
		{236F0526-4C7E-4152-9CFC-A20CCC410ADC}.Release|Any CPU.Build.0 = Release|Any CPU
		{DC15C63C-D5F8-43C7-A65E-3FB2C3FC1730}.Debug|Any CPU.ActiveCfg = Debug|Any CPU
		{DC15C63C-D5F8-43C7-A65E-3FB2C3FC1730}.Debug|Any CPU.Build.0 = Debug|Any CPU
		{DC15C63C-D5F8-43C7-A65E-3FB2C3FC1730}.Release|Any CPU.ActiveCfg = Release|Any CPU
		{DC15C63C-D5F8-43C7-A65E-3FB2C3FC1730}.Release|Any CPU.Build.0 = Release|Any CPU
		{53576BBA-60B1-4F15-950F-E4A397A1568C}.Debug|Any CPU.ActiveCfg = Debug|Any CPU
		{53576BBA-60B1-4F15-950F-E4A397A1568C}.Debug|Any CPU.Build.0 = Debug|Any CPU
		{53576BBA-60B1-4F15-950F-E4A397A1568C}.Release|Any CPU.ActiveCfg = Release|Any CPU
		{53576BBA-60B1-4F15-950F-E4A397A1568C}.Release|Any CPU.Build.0 = Release|Any CPU
	EndGlobalSection
	GlobalSection(SolutionProperties) = preSolution
		HideSolutionNode = FALSE
	EndGlobalSection
	GlobalSection(ExtensibilityGlobals) = postSolution
		SolutionGuid = {0BDC4FC1-1C99-43F7-B850-4DDD5511A776}
	EndGlobalSection
EndGlobal
